lockfileVersion: '6.0'

settings:
  autoInstallPeers: true
  excludeLinksFromLockfile: false

dependencies:
  zod:
    specifier: 4.0.0-beta.20250505T195954
    version: 4.0.0-beta.20250505T195954

devDependencies:
  typescript:
    specifier: ^5.8.3
    version: 5.8.3

packages:

  /@zod/core@0.11.6:
    resolution: {integrity: sha512-03Bv82fFSfjDAvMfdHHdGSS6SOJs0iCcJlWJv1kJHRtoTT02hZpyip/2Lk6oo4l4FtjuwTrsEQTwg/LD8I7dJA==}
    dev: false

  /typescript@5.8.3:
    resolution: {integrity: sha512-p1diW6TqL9L07nNxvRMM7hMMw4c5XOo/1ibL4aAIGmSAt9slTE1Xgw5KWuof2uTOvCg9BY7ZRi+GaF+7sfgPeQ==}
    engines: {node: '>=14.17'}
    hasBin: true
    dev: true

  /zod@4.0.0-beta.20250505T195954:
    resolution: {integrity: sha512-iB8WvxkobVIXMARvQu20fKvbS7mUTiYRpcD8OQV1xjRhxO0EEpYIRJBk6yfBzHAHEdOSDh3SxDITr5Eajr2vtg==}
    dependencies:
      '@zod/core': 0.11.6
    dev: false
